
Microsoft Visual Studio Solution File, Format Version 12.00
# Visual Studio Version 16
VisualStudioVersion = 16.0.31624.102
MinimumVisualStudioVersion = 10.0.40219.1
Project("{FAE04EC0-301F-11D3-BF4B-00C04F79EFBC}") = "CompulsoryAssigment", "CompulsoryAssigment.csproj", "{9ADBBF9F-AEDB-4B30-80ED-FFF65065FAF0}"
EndProject
Global
	GlobalSection(SolutionConfigurationPlatforms) = preSolution
		Debug|Any CPU = Debug|Any CPU
		Release|Any CPU = Release|Any CPU
	EndGlobalSection
	GlobalSection(ProjectConfigurationPlatforms) = postSolution
		{9ADBBF9F-AEDB-4B30-80ED-FFF65065FAF0}.Debug|Any CPU.ActiveCfg = Debug|Any CPU
		{9ADBBF9F-AEDB-4B30-80ED-FFF65065FAF0}.Debug|Any CPU.Build.0 = Debug|Any CPU
		{9ADBBF9F-AEDB-4B30-80ED-FFF65065FAF0}.Release|Any CPU.ActiveCfg = Release|Any CPU
		{9ADBBF9F-AEDB-4B30-80ED-FFF65065FAF0}.Release|Any CPU.Build.0 = Release|Any CPU
	EndGlobalSection
	GlobalSection(SolutionProperties) = preSolution
		HideSolutionNode = FALSE
	EndGlobalSection
	GlobalSection(ExtensibilityGlobals) = postSolution
		SolutionGuid = {2FA85747-E3EE-4ACF-94A0-4DFFEB9CEB29}
	EndGlobalSection
EndGlobal
